
Microsoft Visual Studio Solution File, Format Version 12.00
# Visual Studio 2012
Project("{FAE04EC0-301F-11D3-BF4B-00C04F79EFBC}") = "PTMProject", "PTMProject\PTMProject.csproj", "{0C3BB787-BAB2-41AA-B0E7-DECAF365FABE}"
EndProject
Global
	GlobalSection(SolutionConfigurationPlatforms) = preSolution
		Debug|Any CPU = Debug|Any CPU
		Release|Any CPU = Release|Any CPU
	EndGlobalSection
	GlobalSection(ProjectConfigurationPlatforms) = postSolution
		{0C3BB787-BAB2-41AA-B0E7-DECAF365FABE}.Debug|Any CPU.ActiveCfg = Debug|Any CPU
		{0C3BB787-BAB2-41AA-B0E7-DECAF365FABE}.Debug|Any CPU.Build.0 = Debug|Any CPU
		{0C3BB787-BAB2-41AA-B0E7-DECAF365FABE}.Debug|Any CPU.Deploy.0 = Debug|Any CPU
		{0C3BB787-BAB2-41AA-B0E7-DECAF365FABE}.Release|Any CPU.ActiveCfg = Release|Any CPU
		{0C3BB787-BAB2-41AA-B0E7-DECAF365FABE}.Release|Any CPU.Build.0 = Release|Any CPU
		{0C3BB787-BAB2-41AA-B0E7-DECAF365FABE}.Release|Any CPU.Deploy.0 = Release|Any CPU
	EndGlobalSection
	GlobalSection(SolutionProperties) = preSolution
		HideSolutionNode = FALSE
	EndGlobalSection
EndGlobal
